
Microsoft Visual Studio Solution File, Format Version 12.00
# Visual Studio 15
VisualStudioVersion = 15.0.27703.2000
MinimumVisualStudioVersion = 10.0.40219.1
Project("{FAE04EC0-301F-11D3-BF4B-00C04F79EFBC}") = "HW17", "HW17\HW17.csproj", "{A79EAB74-E432-4623-9C78-4587EC02E1AC}"
EndProject
Global
	GlobalSection(SolutionConfigurationPlatforms) = preSolution
		Debug|Any CPU = Debug|Any CPU
		Release|Any CPU = Release|Any CPU
	EndGlobalSection
	GlobalSection(ProjectConfigurationPlatforms) = postSolution
		{A79EAB74-E432-4623-9C78-4587EC02E1AC}.Debug|Any CPU.ActiveCfg = Debug|Any CPU
		{A79EAB74-E432-4623-9C78-4587EC02E1AC}.Debug|Any CPU.Build.0 = Debug|Any CPU
		{A79EAB74-E432-4623-9C78-4587EC02E1AC}.Release|Any CPU.ActiveCfg = Release|Any CPU
		{A79EAB74-E432-4623-9C78-4587EC02E1AC}.Release|Any CPU.Build.0 = Release|Any CPU
	EndGlobalSection
	GlobalSection(SolutionProperties) = preSolution
		HideSolutionNode = FALSE
	EndGlobalSection
	GlobalSection(ExtensibilityGlobals) = postSolution
		SolutionGuid = {A1271C24-0412-406D-8E5E-85DE16F7F274}
	EndGlobalSection
EndGlobal
