
Microsoft Visual Studio Solution File, Format Version 12.00
# Visual Studio 15
VisualStudioVersion = 15.0.27703.2000
MinimumVisualStudioVersion = 10.0.40219.1
Project("{FAE04EC0-301F-11D3-BF4B-00C04F79EFBC}") = "HW2_2", "HW2_2\HW2_2.csproj", "{12C421D8-E72E-4AE4-BB1B-F35CB26FD8D9}"
EndProject
Global
	GlobalSection(SolutionConfigurationPlatforms) = preSolution
		Debug|Any CPU = Debug|Any CPU
		Release|Any CPU = Release|Any CPU
	EndGlobalSection
	GlobalSection(ProjectConfigurationPlatforms) = postSolution
		{12C421D8-E72E-4AE4-BB1B-F35CB26FD8D9}.Debug|Any CPU.ActiveCfg = Debug|Any CPU
		{12C421D8-E72E-4AE4-BB1B-F35CB26FD8D9}.Debug|Any CPU.Build.0 = Debug|Any CPU
		{12C421D8-E72E-4AE4-BB1B-F35CB26FD8D9}.Release|Any CPU.ActiveCfg = Release|Any CPU
		{12C421D8-E72E-4AE4-BB1B-F35CB26FD8D9}.Release|Any CPU.Build.0 = Release|Any CPU
	EndGlobalSection
	GlobalSection(SolutionProperties) = preSolution
		HideSolutionNode = FALSE
	EndGlobalSection
	GlobalSection(ExtensibilityGlobals) = postSolution
		SolutionGuid = {FA7FACA3-536E-4368-8716-6ABAACEC006C}
	EndGlobalSection
EndGlobal
