
Microsoft Visual Studio Solution File, Format Version 12.00
# Visual Studio 15
VisualStudioVersion = 15.0.27703.2000
MinimumVisualStudioVersion = 10.0.40219.1
Project("{FAE04EC0-301F-11D3-BF4B-00C04F79EFBC}") = "ConsoleHW4_1", "ConsoleHW4_1\ConsoleHW4_1.csproj", "{2D24D141-9FA7-462D-82A9-6628047052E4}"
EndProject
Global
	GlobalSection(SolutionConfigurationPlatforms) = preSolution
		Debug|Any CPU = Debug|Any CPU
		Release|Any CPU = Release|Any CPU
	EndGlobalSection
	GlobalSection(ProjectConfigurationPlatforms) = postSolution
		{2D24D141-9FA7-462D-82A9-6628047052E4}.Debug|Any CPU.ActiveCfg = Debug|Any CPU
		{2D24D141-9FA7-462D-82A9-6628047052E4}.Debug|Any CPU.Build.0 = Debug|Any CPU
		{2D24D141-9FA7-462D-82A9-6628047052E4}.Release|Any CPU.ActiveCfg = Release|Any CPU
		{2D24D141-9FA7-462D-82A9-6628047052E4}.Release|Any CPU.Build.0 = Release|Any CPU
	EndGlobalSection
	GlobalSection(SolutionProperties) = preSolution
		HideSolutionNode = FALSE
	EndGlobalSection
	GlobalSection(ExtensibilityGlobals) = postSolution
		SolutionGuid = {8DD79528-2830-47B7-8268-4C90800D3E63}
	EndGlobalSection
EndGlobal
