
Microsoft Visual Studio Solution File, Format Version 12.00
# Visual Studio 15
VisualStudioVersion = 15.0.27703.2000
MinimumVisualStudioVersion = 10.0.40219.1
Project("{FAE04EC0-301F-11D3-BF4B-00C04F79EFBC}") = "HW12", "HW12\HW12.csproj", "{0BED6FC1-8A9E-4393-83F8-D31FF21B1513}"
EndProject
Global
	GlobalSection(SolutionConfigurationPlatforms) = preSolution
		Debug|Any CPU = Debug|Any CPU
		Release|Any CPU = Release|Any CPU
	EndGlobalSection
	GlobalSection(ProjectConfigurationPlatforms) = postSolution
		{0BED6FC1-8A9E-4393-83F8-D31FF21B1513}.Debug|Any CPU.ActiveCfg = Debug|Any CPU
		{0BED6FC1-8A9E-4393-83F8-D31FF21B1513}.Debug|Any CPU.Build.0 = Debug|Any CPU
		{0BED6FC1-8A9E-4393-83F8-D31FF21B1513}.Release|Any CPU.ActiveCfg = Release|Any CPU
		{0BED6FC1-8A9E-4393-83F8-D31FF21B1513}.Release|Any CPU.Build.0 = Release|Any CPU
	EndGlobalSection
	GlobalSection(SolutionProperties) = preSolution
		HideSolutionNode = FALSE
	EndGlobalSection
	GlobalSection(ExtensibilityGlobals) = postSolution
		SolutionGuid = {1B38754D-123A-4969-81B0-631408C7AFDA}
	EndGlobalSection
EndGlobal
