
Microsoft Visual Studio Solution File, Format Version 12.00
# Visual Studio 15
VisualStudioVersion = 15.0.27703.2000
MinimumVisualStudioVersion = 10.0.40219.1
Project("{FAE04EC0-301F-11D3-BF4B-00C04F79EFBC}") = "HW1", "HW1\HW1.csproj", "{7C3E4D48-F8A2-48E8-91C2-A04CD5E23BFB}"
EndProject
Global
	GlobalSection(SolutionConfigurationPlatforms) = preSolution
		Debug|Any CPU = Debug|Any CPU
		Release|Any CPU = Release|Any CPU
	EndGlobalSection
	GlobalSection(ProjectConfigurationPlatforms) = postSolution
		{7C3E4D48-F8A2-48E8-91C2-A04CD5E23BFB}.Debug|Any CPU.ActiveCfg = Debug|Any CPU
		{7C3E4D48-F8A2-48E8-91C2-A04CD5E23BFB}.Debug|Any CPU.Build.0 = Debug|Any CPU
		{7C3E4D48-F8A2-48E8-91C2-A04CD5E23BFB}.Release|Any CPU.ActiveCfg = Release|Any CPU
		{7C3E4D48-F8A2-48E8-91C2-A04CD5E23BFB}.Release|Any CPU.Build.0 = Release|Any CPU
	EndGlobalSection
	GlobalSection(SolutionProperties) = preSolution
		HideSolutionNode = FALSE
	EndGlobalSection
	GlobalSection(ExtensibilityGlobals) = postSolution
		SolutionGuid = {A171B2DD-3434-47B8-AF31-140FC3D8C100}
	EndGlobalSection
EndGlobal
