
Microsoft Visual Studio Solution File, Format Version 12.00
# Visual Studio 15
VisualStudioVersion = 15.0.27703.2000
MinimumVisualStudioVersion = 10.0.40219.1
Project("{FAE04EC0-301F-11D3-BF4B-00C04F79EFBC}") = "HW3", "HW3\HW3.csproj", "{FE3A85C5-2721-4589-94C1-CB916E550E17}"
EndProject
Global
	GlobalSection(SolutionConfigurationPlatforms) = preSolution
		Debug|Any CPU = Debug|Any CPU
		Release|Any CPU = Release|Any CPU
	EndGlobalSection
	GlobalSection(ProjectConfigurationPlatforms) = postSolution
		{FE3A85C5-2721-4589-94C1-CB916E550E17}.Debug|Any CPU.ActiveCfg = Debug|Any CPU
		{FE3A85C5-2721-4589-94C1-CB916E550E17}.Debug|Any CPU.Build.0 = Debug|Any CPU
		{FE3A85C5-2721-4589-94C1-CB916E550E17}.Release|Any CPU.ActiveCfg = Release|Any CPU
		{FE3A85C5-2721-4589-94C1-CB916E550E17}.Release|Any CPU.Build.0 = Release|Any CPU
	EndGlobalSection
	GlobalSection(SolutionProperties) = preSolution
		HideSolutionNode = FALSE
	EndGlobalSection
	GlobalSection(ExtensibilityGlobals) = postSolution
		SolutionGuid = {BA6F1E51-1066-4452-9208-FBFD2785D3F9}
	EndGlobalSection
EndGlobal
